
Microsoft Visual Studio Solution File, Format Version 12.00
# Visual Studio Version 17
VisualStudioVersion = 17.14.36429.23 d17.14
MinimumVisualStudioVersion = 10.0.40219.1
Project("{FAE04EC0-301F-11D3-BF4B-00C04F79EFBC}") = "MindMapApp", "MindMapApp.csproj", "{E789B9A6-21DC-4EC1-A5C6-E5B662E51C49}"
EndProject
Global
	GlobalSection(SolutionConfigurationPlatforms) = preSolution
		Debug|Any CPU = Debug|Any CPU
		Release|Any CPU = Release|Any CPU
	EndGlobalSection
	GlobalSection(ProjectConfigurationPlatforms) = postSolution
		{E789B9A6-21DC-4EC1-A5C6-E5B662E51C49}.Debug|Any CPU.ActiveCfg = Debug|Any CPU
		{E789B9A6-21DC-4EC1-A5C6-E5B662E51C49}.Debug|Any CPU.Build.0 = Debug|Any CPU
		{E789B9A6-21DC-4EC1-A5C6-E5B662E51C49}.Release|Any CPU.ActiveCfg = Release|Any CPU
		{E789B9A6-21DC-4EC1-A5C6-E5B662E51C49}.Release|Any CPU.Build.0 = Release|Any CPU
	EndGlobalSection
	GlobalSection(SolutionProperties) = preSolution
		HideSolutionNode = FALSE
	EndGlobalSection
	GlobalSection(ExtensibilityGlobals) = postSolution
		SolutionGuid = {C79158E0-1311-4FB3-8226-DAEEAF0529E8}
	EndGlobalSection
EndGlobal
